# This file is automatically @generated by Cargo.
# It is not intended for manual editing.
version = 4

[[package]]
name = "bad_apple"
version = "0.1.0"
dependencies = [
 "hexxy32",
 "include_bytes_aligned",
]

[[package]]
name = "bitflags"
version = "2.7.0"
source = "registry+https://github.com/rust-lang/crates.io-index"
checksum = "1be3f42a67d6d345ecd59f675f3f012d6974981560836e938c22b424b85ce1be"

[[package]]
name = "hexxy32"
version = "0.1.0"
dependencies = [
 "bitflags",
]

[[package]]
name = "include_bytes_aligned"
version = "0.1.4"
source = "registry+https://github.com/rust-lang/crates.io-index"
checksum = "4ee796ad498c8d9a1d68e477df8f754ed784ef875de1414ebdaf169f70a6a784"
